
Microsoft Visual Studio Solution File, Format Version 12.00
# Visual Studio Version 16
VisualStudioVersion = 16.0.30621.155
MinimumVisualStudioVersion = 10.0.40219.1
Project("{FAE04EC0-301F-11D3-BF4B-00C04F79EFBC}") = "PostgreSQL", "PostgreSQL\PostgreSQL.csproj", "{D50F5C2A-D6DA-4F08-9C47-B43656987D1D}"
EndProject
Global
	GlobalSection(SolutionConfigurationPlatforms) = preSolution
		Debug|Any CPU = Debug|Any CPU
		Release|Any CPU = Release|Any CPU
	EndGlobalSection
	GlobalSection(ProjectConfigurationPlatforms) = postSolution
		{D50F5C2A-D6DA-4F08-9C47-B43656987D1D}.Debug|Any CPU.ActiveCfg = Debug|Any CPU
		{D50F5C2A-D6DA-4F08-9C47-B43656987D1D}.Debug|Any CPU.Build.0 = Debug|Any CPU
		{D50F5C2A-D6DA-4F08-9C47-B43656987D1D}.Release|Any CPU.ActiveCfg = Release|Any CPU
		{D50F5C2A-D6DA-4F08-9C47-B43656987D1D}.Release|Any CPU.Build.0 = Release|Any CPU
	EndGlobalSection
	GlobalSection(SolutionProperties) = preSolution
		HideSolutionNode = FALSE
	EndGlobalSection
	GlobalSection(ExtensibilityGlobals) = postSolution
		SolutionGuid = {D4492227-A4E3-4297-B851-B510FF3BE812}
	EndGlobalSection
EndGlobal
